Microsoft Visual Studio Solution File, Format Version 12.00
# Visual Studio 2013
Project("{8BC9CEB8-8B4A-11D0-8D11-00A0C91BC942}") = "ALL_BUILD", "ALL_BUILD.vcxproj", "{826001B1-4D4A-42A5-9147-82EC7E73EAFA}"
	ProjectSection(ProjectDependencies) = postProject
		{7EA5DC65-DBC9-447D-9EE0-F07E422050AE} = {7EA5DC65-DBC9-447D-9EE0-F07E422050AE}
		{7D327475-5836-4D21-9A42-2ADB7F35F751} = {7D327475-5836-4D21-9A42-2ADB7F35F751}
		{1AE81344-D211-42AB-8FC5-8765C49378F8} = {1AE81344-D211-42AB-8FC5-8765C49378F8}
		{36A0A2CE-F21F-4385-A44C-B9E60E916CA4} = {36A0A2CE-F21F-4385-A44C-B9E60E916CA4}
		{94153ED8-9A59-49D4-A1D3-F492B8B7D788} = {94153ED8-9A59-49D4-A1D3-F492B8B7D788}
		{6CE83795-E71C-486D-B583-44DDCEB167BA} = {6CE83795-E71C-486D-B583-44DDCEB167BA}
		{7DAE2BDF-1CAC-4FCA-9CE8-6542C77B7D01} = {7DAE2BDF-1CAC-4FCA-9CE8-6542C77B7D01}
		{B934BED1-D176-477F-9694-E1EC0C712045} = {B934BED1-D176-477F-9694-E1EC0C712045}
		{0F979170-2BC2-4E30-AB41-8E45383D15FF} = {0F979170-2BC2-4E30-AB41-8E45383D15FF}
		{ABBCC2DD-9766-45CD-894D-74872EB10E0E} = {ABBCC2DD-9766-45CD-894D-74872EB10E0E}
		{AEC7226A-3D6E-475E-BC19-25CC671F04C0} = {AEC7226A-3D6E-475E-BC19-25CC671F04C0}
		{91F7B030-03C4-4A93-AE46-6FADC03B154F} = {91F7B030-03C4-4A93-AE46-6FADC03B154F}
		{ED8CECBB-8DC5-48C0-A3AD-D939443E86B1} = {ED8CECBB-8DC5-48C0-A3AD-D939443E86B1}
		{25876DFC-AE8F-44F4-A388-8BC60ABCDAA8} = {25876DFC-AE8F-44F4-A388-8BC60ABCDAA8}
		{B4AF39BF-92D9-438E-8B46-9D50BC468479} = {B4AF39BF-92D9-438E-8B46-9D50BC468479}
		{70082587-6D92-4F4A-8313-C4BE3C50E54C} = {70082587-6D92-4F4A-8313-C4BE3C50E54C}
		{DF189543-394E-41A5-AD9D-67BA8EA3989E} = {DF189543-394E-41A5-AD9D-67BA8EA3989E}
		{695B6224-703D-4079-9141-527DB04132B0} = {695B6224-703D-4079-9141-527DB04132B0}
		{D0C4461C-5E6D-47C4-8538-AE4EEC2FA14F} = {D0C4461C-5E6D-47C4-8538-AE4EEC2FA14F}
		{603F6CD6-4D2E-4B3A-8FCE-75A9EBA5969C} = {603F6CD6-4D2E-4B3A-8FCE-75A9EBA5969C}
		{02BA0329-47C2-4A48-8516-0D893554B263} = {02BA0329-47C2-4A48-8516-0D893554B263}
		{29E377B4-E484-45DF-9153-18D6CC7231F2} = {29E377B4-E484-45DF-9153-18D6CC7231F2}
		{8544BDD2-326D-4CBE-808A-F65B8812E534} = {8544BDD2-326D-4CBE-808A-F65B8812E534}
		{48735489-818C-40BC-9E1B-76843D8C0730} = {48735489-818C-40BC-9E1B-76843D8C0730}
		{0E39BE2F-CD60-4379-8800-28D40BA754D9} = {0E39BE2F-CD60-4379-8800-28D40BA754D9}
		{CB29272D-E2DF-4B35-A83B-711E839CEC8D} = {CB29272D-E2DF-4B35-A83B-711E839CEC8D}
		{C03F74E2-8458-4EAE-9E6B-A82C648C04C8} = {C03F74E2-8458-4EAE-9E6B-A82C648C04C8}
		{C5C9C86D-A904-4A7F-832D-F2C904D57EB5} = {C5C9C86D-A904-4A7F-832D-F2C904D57EB5}
		{B56545C7-2C96-419C-BFF4-2E4EFCACE4EB} = {B56545C7-2C96-419C-BFF4-2E4EFCACE4EB}
	EndProjectSection
EndProject
Project("{8BC9CEB8-8B4A-11D0-8D11-00A0C91BC942}") = "INSTALL", "INSTALL.vcxproj", "{2AA0ED78-169A-4648-9FE4-AF4BE0F376F5}"
	ProjectSection(ProjectDependencies) = postProject
		{826001B1-4D4A-42A5-9147-82EC7E73EAFA} = {826001B1-4D4A-42A5-9147-82EC7E73EAFA}
	EndProjectSection
EndProject
Project("{8BC9CEB8-8B4A-11D0-8D11-00A0C91BC942}") = "ZERO_CHECK", "ZERO_CHECK.vcxproj", "{7EA5DC65-DBC9-447D-9EE0-F07E422050AE}"
	ProjectSection(ProjectDependencies) = postProject
	EndProjectSection
EndProject
Project("{8BC9CEB8-8B4A-11D0-8D11-00A0C91BC942}") = "accuracy", "tests\accuracy.vcxproj", "{7D327475-5836-4D21-9A42-2ADB7F35F751}"
	ProjectSection(ProjectDependencies) = postProject
		{7EA5DC65-DBC9-447D-9EE0-F07E422050AE} = {7EA5DC65-DBC9-447D-9EE0-F07E422050AE}
		{ED8CECBB-8DC5-48C0-A3AD-D939443E86B1} = {ED8CECBB-8DC5-48C0-A3AD-D939443E86B1}
	EndProjectSection
EndProject
Project("{8BC9CEB8-8B4A-11D0-8D11-00A0C91BC942}") = "boing", "examples\boing.vcxproj", "{1AE81344-D211-42AB-8FC5-8765C49378F8}"
	ProjectSection(ProjectDependencies) = postProject
		{7EA5DC65-DBC9-447D-9EE0-F07E422050AE} = {7EA5DC65-DBC9-447D-9EE0-F07E422050AE}
		{ED8CECBB-8DC5-48C0-A3AD-D939443E86B1} = {ED8CECBB-8DC5-48C0-A3AD-D939443E86B1}
	EndProjectSection
EndProject
Project("{8BC9CEB8-8B4A-11D0-8D11-00A0C91BC942}") = "clipboard", "tests\clipboard.vcxproj", "{36A0A2CE-F21F-4385-A44C-B9E60E916CA4}"
	ProjectSection(ProjectDependencies) = postProject
		{7EA5DC65-DBC9-447D-9EE0-F07E422050AE} = {7EA5DC65-DBC9-447D-9EE0-F07E422050AE}
		{ED8CECBB-8DC5-48C0-A3AD-D939443E86B1} = {ED8CECBB-8DC5-48C0-A3AD-D939443E86B1}
	EndProjectSection
EndProject
Project("{8BC9CEB8-8B4A-11D0-8D11-00A0C91BC942}") = "cursor", "tests\cursor.vcxproj", "{94153ED8-9A59-49D4-A1D3-F492B8B7D788}"
	ProjectSection(ProjectDependencies) = postProject
		{7EA5DC65-DBC9-447D-9EE0-F07E422050AE} = {7EA5DC65-DBC9-447D-9EE0-F07E422050AE}
		{ED8CECBB-8DC5-48C0-A3AD-D939443E86B1} = {ED8CECBB-8DC5-48C0-A3AD-D939443E86B1}
	EndProjectSection
EndProject
Project("{8BC9CEB8-8B4A-11D0-8D11-00A0C91BC942}") = "cursoranim", "tests\cursoranim.vcxproj", "{6CE83795-E71C-486D-B583-44DDCEB167BA}"
	ProjectSection(ProjectDependencies) = postProject
		{7EA5DC65-DBC9-447D-9EE0-F07E422050AE} = {7EA5DC65-DBC9-447D-9EE0-F07E422050AE}
		{ED8CECBB-8DC5-48C0-A3AD-D939443E86B1} = {ED8CECBB-8DC5-48C0-A3AD-D939443E86B1}
	EndProjectSection
EndProject
Project("{8BC9CEB8-8B4A-11D0-8D11-00A0C91BC942}") = "defaults", "tests\defaults.vcxproj", "{7DAE2BDF-1CAC-4FCA-9CE8-6542C77B7D01}"
	ProjectSection(ProjectDependencies) = postProject
		{7EA5DC65-DBC9-447D-9EE0-F07E422050AE} = {7EA5DC65-DBC9-447D-9EE0-F07E422050AE}
		{ED8CECBB-8DC5-48C0-A3AD-D939443E86B1} = {ED8CECBB-8DC5-48C0-A3AD-D939443E86B1}
	EndProjectSection
EndProject
Project("{8BC9CEB8-8B4A-11D0-8D11-00A0C91BC942}") = "empty", "tests\empty.vcxproj", "{B934BED1-D176-477F-9694-E1EC0C712045}"
	ProjectSection(ProjectDependencies) = postProject
		{7EA5DC65-DBC9-447D-9EE0-F07E422050AE} = {7EA5DC65-DBC9-447D-9EE0-F07E422050AE}
		{ED8CECBB-8DC5-48C0-A3AD-D939443E86B1} = {ED8CECBB-8DC5-48C0-A3AD-D939443E86B1}
	EndProjectSection
EndProject
Project("{8BC9CEB8-8B4A-11D0-8D11-00A0C91BC942}") = "events", "tests\events.vcxproj", "{0F979170-2BC2-4E30-AB41-8E45383D15FF}"
	ProjectSection(ProjectDependencies) = postProject
		{7EA5DC65-DBC9-447D-9EE0-F07E422050AE} = {7EA5DC65-DBC9-447D-9EE0-F07E422050AE}
		{ED8CECBB-8DC5-48C0-A3AD-D939443E86B1} = {ED8CECBB-8DC5-48C0-A3AD-D939443E86B1}
	EndProjectSection
EndProject
Project("{8BC9CEB8-8B4A-11D0-8D11-00A0C91BC942}") = "fsaa", "tests\fsaa.vcxproj", "{ABBCC2DD-9766-45CD-894D-74872EB10E0E}"
	ProjectSection(ProjectDependencies) = postProject
		{7EA5DC65-DBC9-447D-9EE0-F07E422050AE} = {7EA5DC65-DBC9-447D-9EE0-F07E422050AE}
		{ED8CECBB-8DC5-48C0-A3AD-D939443E86B1} = {ED8CECBB-8DC5-48C0-A3AD-D939443E86B1}
	EndProjectSection
EndProject
Project("{8BC9CEB8-8B4A-11D0-8D11-00A0C91BC942}") = "gamma", "tests\gamma.vcxproj", "{AEC7226A-3D6E-475E-BC19-25CC671F04C0}"
	ProjectSection(ProjectDependencies) = postProject
		{7EA5DC65-DBC9-447D-9EE0-F07E422050AE} = {7EA5DC65-DBC9-447D-9EE0-F07E422050AE}
		{ED8CECBB-8DC5-48C0-A3AD-D939443E86B1} = {ED8CECBB-8DC5-48C0-A3AD-D939443E86B1}
	EndProjectSection
EndProject
Project("{8BC9CEB8-8B4A-11D0-8D11-00A0C91BC942}") = "gears", "examples\gears.vcxproj", "{91F7B030-03C4-4A93-AE46-6FADC03B154F}"
	ProjectSection(ProjectDependencies) = postProject
		{7EA5DC65-DBC9-447D-9EE0-F07E422050AE} = {7EA5DC65-DBC9-447D-9EE0-F07E422050AE}
		{ED8CECBB-8DC5-48C0-A3AD-D939443E86B1} = {ED8CECBB-8DC5-48C0-A3AD-D939443E86B1}
	EndProjectSection
EndProject
Project("{8BC9CEB8-8B4A-11D0-8D11-00A0C91BC942}") = "glfw", "src\glfw.vcxproj", "{ED8CECBB-8DC5-48C0-A3AD-D939443E86B1}"
	ProjectSection(ProjectDependencies) = postProject
		{7EA5DC65-DBC9-447D-9EE0-F07E422050AE} = {7EA5DC65-DBC9-447D-9EE0-F07E422050AE}
	EndProjectSection
EndProject
Project("{8BC9CEB8-8B4A-11D0-8D11-00A0C91BC942}") = "glfwinfo", "tests\glfwinfo.vcxproj", "{25876DFC-AE8F-44F4-A388-8BC60ABCDAA8}"
	ProjectSection(ProjectDependencies) = postProject
		{7EA5DC65-DBC9-447D-9EE0-F07E422050AE} = {7EA5DC65-DBC9-447D-9EE0-F07E422050AE}
		{ED8CECBB-8DC5-48C0-A3AD-D939443E86B1} = {ED8CECBB-8DC5-48C0-A3AD-D939443E86B1}
	EndProjectSection
EndProject
Project("{8BC9CEB8-8B4A-11D0-8D11-00A0C91BC942}") = "heightmap", "examples\heightmap.vcxproj", "{B4AF39BF-92D9-438E-8B46-9D50BC468479}"
	ProjectSection(ProjectDependencies) = postProject
		{7EA5DC65-DBC9-447D-9EE0-F07E422050AE} = {7EA5DC65-DBC9-447D-9EE0-F07E422050AE}
		{ED8CECBB-8DC5-48C0-A3AD-D939443E86B1} = {ED8CECBB-8DC5-48C0-A3AD-D939443E86B1}
	EndProjectSection
EndProject
Project("{8BC9CEB8-8B4A-11D0-8D11-00A0C91BC942}") = "iconify", "tests\iconify.vcxproj", "{70082587-6D92-4F4A-8313-C4BE3C50E54C}"
	ProjectSection(ProjectDependencies) = postProject
		{7EA5DC65-DBC9-447D-9EE0-F07E422050AE} = {7EA5DC65-DBC9-447D-9EE0-F07E422050AE}
		{ED8CECBB-8DC5-48C0-A3AD-D939443E86B1} = {ED8CECBB-8DC5-48C0-A3AD-D939443E86B1}
	EndProjectSection
EndProject
Project("{8BC9CEB8-8B4A-11D0-8D11-00A0C91BC942}") = "joysticks", "tests\joysticks.vcxproj", "{DF189543-394E-41A5-AD9D-67BA8EA3989E}"
	ProjectSection(ProjectDependencies) = postProject
		{7EA5DC65-DBC9-447D-9EE0-F07E422050AE} = {7EA5DC65-DBC9-447D-9EE0-F07E422050AE}
		{ED8CECBB-8DC5-48C0-A3AD-D939443E86B1} = {ED8CECBB-8DC5-48C0-A3AD-D939443E86B1}
	EndProjectSection
EndProject
Project("{8BC9CEB8-8B4A-11D0-8D11-00A0C91BC942}") = "modes", "tests\modes.vcxproj", "{695B6224-703D-4079-9141-527DB04132B0}"
	ProjectSection(ProjectDependencies) = postProject
		{7EA5DC65-DBC9-447D-9EE0-F07E422050AE} = {7EA5DC65-DBC9-447D-9EE0-F07E422050AE}
		{ED8CECBB-8DC5-48C0-A3AD-D939443E86B1} = {ED8CECBB-8DC5-48C0-A3AD-D939443E86B1}
	EndProjectSection
EndProject
Project("{8BC9CEB8-8B4A-11D0-8D11-00A0C91BC942}") = "particles", "examples\particles.vcxproj", "{D0C4461C-5E6D-47C4-8538-AE4EEC2FA14F}"
	ProjectSection(ProjectDependencies) = postProject
		{7EA5DC65-DBC9-447D-9EE0-F07E422050AE} = {7EA5DC65-DBC9-447D-9EE0-F07E422050AE}
		{ED8CECBB-8DC5-48C0-A3AD-D939443E86B1} = {ED8CECBB-8DC5-48C0-A3AD-D939443E86B1}
	EndProjectSection
EndProject
Project("{8BC9CEB8-8B4A-11D0-8D11-00A0C91BC942}") = "peter", "tests\peter.vcxproj", "{603F6CD6-4D2E-4B3A-8FCE-75A9EBA5969C}"
	ProjectSection(ProjectDependencies) = postProject
		{7EA5DC65-DBC9-447D-9EE0-F07E422050AE} = {7EA5DC65-DBC9-447D-9EE0-F07E422050AE}
		{ED8CECBB-8DC5-48C0-A3AD-D939443E86B1} = {ED8CECBB-8DC5-48C0-A3AD-D939443E86B1}
	EndProjectSection
EndProject
Project("{8BC9CEB8-8B4A-11D0-8D11-00A0C91BC942}") = "reopen", "tests\reopen.vcxproj", "{02BA0329-47C2-4A48-8516-0D893554B263}"
	ProjectSection(ProjectDependencies) = postProject
		{7EA5DC65-DBC9-447D-9EE0-F07E422050AE} = {7EA5DC65-DBC9-447D-9EE0-F07E422050AE}
		{ED8CECBB-8DC5-48C0-A3AD-D939443E86B1} = {ED8CECBB-8DC5-48C0-A3AD-D939443E86B1}
	EndProjectSection
EndProject
Project("{8BC9CEB8-8B4A-11D0-8D11-00A0C91BC942}") = "sharing", "tests\sharing.vcxproj", "{29E377B4-E484-45DF-9153-18D6CC7231F2}"
	ProjectSection(ProjectDependencies) = postProject
		{7EA5DC65-DBC9-447D-9EE0-F07E422050AE} = {7EA5DC65-DBC9-447D-9EE0-F07E422050AE}
		{ED8CECBB-8DC5-48C0-A3AD-D939443E86B1} = {ED8CECBB-8DC5-48C0-A3AD-D939443E86B1}
	EndProjectSection
EndProject
Project("{8BC9CEB8-8B4A-11D0-8D11-00A0C91BC942}") = "simple", "examples\simple.vcxproj", "{8544BDD2-326D-4CBE-808A-F65B8812E534}"
	ProjectSection(ProjectDependencies) = postProject
		{7EA5DC65-DBC9-447D-9EE0-F07E422050AE} = {7EA5DC65-DBC9-447D-9EE0-F07E422050AE}
		{ED8CECBB-8DC5-48C0-A3AD-D939443E86B1} = {ED8CECBB-8DC5-48C0-A3AD-D939443E86B1}
	EndProjectSection
EndProject
Project("{8BC9CEB8-8B4A-11D0-8D11-00A0C91BC942}") = "splitview", "examples\splitview.vcxproj", "{48735489-818C-40BC-9E1B-76843D8C0730}"
	ProjectSection(ProjectDependencies) = postProject
		{7EA5DC65-DBC9-447D-9EE0-F07E422050AE} = {7EA5DC65-DBC9-447D-9EE0-F07E422050AE}
		{ED8CECBB-8DC5-48C0-A3AD-D939443E86B1} = {ED8CECBB-8DC5-48C0-A3AD-D939443E86B1}
	EndProjectSection
EndProject
Project("{8BC9CEB8-8B4A-11D0-8D11-00A0C91BC942}") = "tearing", "tests\tearing.vcxproj", "{0E39BE2F-CD60-4379-8800-28D40BA754D9}"
	ProjectSection(ProjectDependencies) = postProject
		{7EA5DC65-DBC9-447D-9EE0-F07E422050AE} = {7EA5DC65-DBC9-447D-9EE0-F07E422050AE}
		{ED8CECBB-8DC5-48C0-A3AD-D939443E86B1} = {ED8CECBB-8DC5-48C0-A3AD-D939443E86B1}
	EndProjectSection
EndProject
Project("{8BC9CEB8-8B4A-11D0-8D11-00A0C91BC942}") = "threads", "tests\threads.vcxproj", "{CB29272D-E2DF-4B35-A83B-711E839CEC8D}"
	ProjectSection(ProjectDependencies) = postProject
		{7EA5DC65-DBC9-447D-9EE0-F07E422050AE} = {7EA5DC65-DBC9-447D-9EE0-F07E422050AE}
		{ED8CECBB-8DC5-48C0-A3AD-D939443E86B1} = {ED8CECBB-8DC5-48C0-A3AD-D939443E86B1}
	EndProjectSection
EndProject
Project("{8BC9CEB8-8B4A-11D0-8D11-00A0C91BC942}") = "title", "tests\title.vcxproj", "{C03F74E2-8458-4EAE-9E6B-A82C648C04C8}"
	ProjectSection(ProjectDependencies) = postProject
		{7EA5DC65-DBC9-447D-9EE0-F07E422050AE} = {7EA5DC65-DBC9-447D-9EE0-F07E422050AE}
		{ED8CECBB-8DC5-48C0-A3AD-D939443E86B1} = {ED8CECBB-8DC5-48C0-A3AD-D939443E86B1}
	EndProjectSection
EndProject
Project("{8BC9CEB8-8B4A-11D0-8D11-00A0C91BC942}") = "uninstall", "uninstall.vcxproj", "{9B8B98AF-2921-430D-8165-115BE5800AD3}"
	ProjectSection(ProjectDependencies) = postProject
		{7EA5DC65-DBC9-447D-9EE0-F07E422050AE} = {7EA5DC65-DBC9-447D-9EE0-F07E422050AE}
	EndProjectSection
EndProject
Project("{8BC9CEB8-8B4A-11D0-8D11-00A0C91BC942}") = "wave", "examples\wave.vcxproj", "{C5C9C86D-A904-4A7F-832D-F2C904D57EB5}"
	ProjectSection(ProjectDependencies) = postProject
		{7EA5DC65-DBC9-447D-9EE0-F07E422050AE} = {7EA5DC65-DBC9-447D-9EE0-F07E422050AE}
		{ED8CECBB-8DC5-48C0-A3AD-D939443E86B1} = {ED8CECBB-8DC5-48C0-A3AD-D939443E86B1}
	EndProjectSection
EndProject
Project("{8BC9CEB8-8B4A-11D0-8D11-00A0C91BC942}") = "windows", "tests\windows.vcxproj", "{B56545C7-2C96-419C-BFF4-2E4EFCACE4EB}"
	ProjectSection(ProjectDependencies) = postProject
		{7EA5DC65-DBC9-447D-9EE0-F07E422050AE} = {7EA5DC65-DBC9-447D-9EE0-F07E422050AE}
		{ED8CECBB-8DC5-48C0-A3AD-D939443E86B1} = {ED8CECBB-8DC5-48C0-A3AD-D939443E86B1}
	EndProjectSection
EndProject
Global
	GlobalSection(SolutionConfigurationPlatforms) = preSolution
		Debug|Win32 = Debug|Win32
		Release|Win32 = Release|Win32
		MinSizeRel|Win32 = MinSizeRel|Win32
		RelWithDebInfo|Win32 = RelWithDebInfo|Win32
	EndGlobalSection
	GlobalSection(ProjectConfigurationPlatforms) = postSolution
		{826001B1-4D4A-42A5-9147-82EC7E73EAFA}.Debug|Win32.ActiveCfg = Debug|Win32
		{826001B1-4D4A-42A5-9147-82EC7E73EAFA}.Debug|Win32.Build.0 = Debug|Win32
		{826001B1-4D4A-42A5-9147-82EC7E73EAFA}.Release|Win32.ActiveCfg = Release|Win32
		{826001B1-4D4A-42A5-9147-82EC7E73EAFA}.Release|Win32.Build.0 = Release|Win32
		{826001B1-4D4A-42A5-9147-82EC7E73EAFA}.MinSizeRel|Win32.ActiveCfg = MinSizeRel|Win32
		{826001B1-4D4A-42A5-9147-82EC7E73EAFA}.MinSizeRel|Win32.Build.0 = MinSizeRel|Win32
		{826001B1-4D4A-42A5-9147-82EC7E73EAFA}.RelWithDebInfo|Win32.ActiveCfg = RelWithDebInfo|Win32
		{826001B1-4D4A-42A5-9147-82EC7E73EAFA}.RelWithDebInfo|Win32.Build.0 = RelWithDebInfo|Win32
		{2AA0ED78-169A-4648-9FE4-AF4BE0F376F5}.Debug|Win32.ActiveCfg = Debug|Win32
		{2AA0ED78-169A-4648-9FE4-AF4BE0F376F5}.Release|Win32.ActiveCfg = Release|Win32
		{2AA0ED78-169A-4648-9FE4-AF4BE0F376F5}.MinSizeRel|Win32.ActiveCfg = MinSizeRel|Win32
		{2AA0ED78-169A-4648-9FE4-AF4BE0F376F5}.RelWithDebInfo|Win32.ActiveCfg = RelWithDebInfo|Win32
		{7EA5DC65-DBC9-447D-9EE0-F07E422050AE}.Debug|Win32.ActiveCfg = Debug|Win32
		{7EA5DC65-DBC9-447D-9EE0-F07E422050AE}.Debug|Win32.Build.0 = Debug|Win32
		{7EA5DC65-DBC9-447D-9EE0-F07E422050AE}.Release|Win32.ActiveCfg = Release|Win32
		{7EA5DC65-DBC9-447D-9EE0-F07E422050AE}.Release|Win32.Build.0 = Release|Win32
		{7EA5DC65-DBC9-447D-9EE0-F07E422050AE}.MinSizeRel|Win32.ActiveCfg = MinSizeRel|Win32
		{7EA5DC65-DBC9-447D-9EE0-F07E422050AE}.MinSizeRel|Win32.Build.0 = MinSizeRel|Win32
		{7EA5DC65-DBC9-447D-9EE0-F07E422050AE}.RelWithDebInfo|Win32.ActiveCfg = RelWithDebInfo|Win32
		{7EA5DC65-DBC9-447D-9EE0-F07E422050AE}.RelWithDebInfo|Win32.Build.0 = RelWithDebInfo|Win32
		{7D327475-5836-4D21-9A42-2ADB7F35F751}.Debug|Win32.ActiveCfg = Debug|Win32
		{7D327475-5836-4D21-9A42-2ADB7F35F751}.Debug|Win32.Build.0 = Debug|Win32
		{7D327475-5836-4D21-9A42-2ADB7F35F751}.Release|Win32.ActiveCfg = Release|Win32
		{7D327475-5836-4D21-9A42-2ADB7F35F751}.Release|Win32.Build.0 = Release|Win32
		{7D327475-5836-4D21-9A42-2ADB7F35F751}.MinSizeRel|Win32.ActiveCfg = MinSizeRel|Win32
		{7D327475-5836-4D21-9A42-2ADB7F35F751}.MinSizeRel|Win32.Build.0 = MinSizeRel|Win32
		{7D327475-5836-4D21-9A42-2ADB7F35F751}.RelWithDebInfo|Win32.ActiveCfg = RelWithDebInfo|Win32
		{7D327475-5836-4D21-9A42-2ADB7F35F751}.RelWithDebInfo|Win32.Build.0 = RelWithDebInfo|Win32
		{1AE81344-D211-42AB-8FC5-8765C49378F8}.Debug|Win32.ActiveCfg = Debug|Win32
		{1AE81344-D211-42AB-8FC5-8765C49378F8}.Debug|Win32.Build.0 = Debug|Win32
		{1AE81344-D211-42AB-8FC5-8765C49378F8}.Release|Win32.ActiveCfg = Release|Win32
		{1AE81344-D211-42AB-8FC5-8765C49378F8}.Release|Win32.Build.0 = Release|Win32
		{1AE81344-D211-42AB-8FC5-8765C49378F8}.MinSizeRel|Win32.ActiveCfg = MinSizeRel|Win32
		{1AE81344-D211-42AB-8FC5-8765C49378F8}.MinSizeRel|Win32.Build.0 = MinSizeRel|Win32
		{1AE81344-D211-42AB-8FC5-8765C49378F8}.RelWithDebInfo|Win32.ActiveCfg = RelWithDebInfo|Win32
		{1AE81344-D211-42AB-8FC5-8765C49378F8}.RelWithDebInfo|Win32.Build.0 = RelWithDebInfo|Win32
		{36A0A2CE-F21F-4385-A44C-B9E60E916CA4}.Debug|Win32.ActiveCfg = Debug|Win32
		{36A0A2CE-F21F-4385-A44C-B9E60E916CA4}.Debug|Win32.Build.0 = Debug|Win32
		{36A0A2CE-F21F-4385-A44C-B9E60E916CA4}.Release|Win32.ActiveCfg = Release|Win32
		{36A0A2CE-F21F-4385-A44C-B9E60E916CA4}.Release|Win32.Build.0 = Release|Win32
		{36A0A2CE-F21F-4385-A44C-B9E60E916CA4}.MinSizeRel|Win32.ActiveCfg = MinSizeRel|Win32
		{36A0A2CE-F21F-4385-A44C-B9E60E916CA4}.MinSizeRel|Win32.Build.0 = MinSizeRel|Win32
		{36A0A2CE-F21F-4385-A44C-B9E60E916CA4}.RelWithDebInfo|Win32.ActiveCfg = RelWithDebInfo|Win32
		{36A0A2CE-F21F-4385-A44C-B9E60E916CA4}.RelWithDebInfo|Win32.Build.0 = RelWithDebInfo|Win32
		{94153ED8-9A59-49D4-A1D3-F492B8B7D788}.Debug|Win32.ActiveCfg = Debug|Win32
		{94153ED8-9A59-49D4-A1D3-F492B8B7D788}.Debug|Win32.Build.0 = Debug|Win32
		{94153ED8-9A59-49D4-A1D3-F492B8B7D788}.Release|Win32.ActiveCfg = Release|Win32
		{94153ED8-9A59-49D4-A1D3-F492B8B7D788}.Release|Win32.Build.0 = Release|Win32
		{94153ED8-9A59-49D4-A1D3-F492B8B7D788}.MinSizeRel|Win32.ActiveCfg = MinSizeRel|Win32
		{94153ED8-9A59-49D4-A1D3-F492B8B7D788}.MinSizeRel|Win32.Build.0 = MinSizeRel|Win32
		{94153ED8-9A59-49D4-A1D3-F492B8B7D788}.RelWithDebInfo|Win32.ActiveCfg = RelWithDebInfo|Win32
		{94153ED8-9A59-49D4-A1D3-F492B8B7D788}.RelWithDebInfo|Win32.Build.0 = RelWithDebInfo|Win32
		{6CE83795-E71C-486D-B583-44DDCEB167BA}.Debug|Win32.ActiveCfg = Debug|Win32
		{6CE83795-E71C-486D-B583-44DDCEB167BA}.Debug|Win32.Build.0 = Debug|Win32
		{6CE83795-E71C-486D-B583-44DDCEB167BA}.Release|Win32.ActiveCfg = Release|Win32
		{6CE83795-E71C-486D-B583-44DDCEB167BA}.Release|Win32.Build.0 = Release|Win32
		{6CE83795-E71C-486D-B583-44DDCEB167BA}.MinSizeRel|Win32.ActiveCfg = MinSizeRel|Win32
		{6CE83795-E71C-486D-B583-44DDCEB167BA}.MinSizeRel|Win32.Build.0 = MinSizeRel|Win32
		{6CE83795-E71C-486D-B583-44DDCEB167BA}.RelWithDebInfo|Win32.ActiveCfg = RelWithDebInfo|Win32
		{6CE83795-E71C-486D-B583-44DDCEB167BA}.RelWithDebInfo|Win32.Build.0 = RelWithDebInfo|Win32
		{7DAE2BDF-1CAC-4FCA-9CE8-6542C77B7D01}.Debug|Win32.ActiveCfg = Debug|Win32
		{7DAE2BDF-1CAC-4FCA-9CE8-6542C77B7D01}.Debug|Win32.Build.0 = Debug|Win32
		{7DAE2BDF-1CAC-4FCA-9CE8-6542C77B7D01}.Release|Win32.ActiveCfg = Release|Win32
		{7DAE2BDF-1CAC-4FCA-9CE8-6542C77B7D01}.Release|Win32.Build.0 = Release|Win32
		{7DAE2BDF-1CAC-4FCA-9CE8-6542C77B7D01}.MinSizeRel|Win32.ActiveCfg = MinSizeRel|Win32
		{7DAE2BDF-1CAC-4FCA-9CE8-6542C77B7D01}.MinSizeRel|Win32.Build.0 = MinSizeRel|Win32
		{7DAE2BDF-1CAC-4FCA-9CE8-6542C77B7D01}.RelWithDebInfo|Win32.ActiveCfg = RelWithDebInfo|Win32
		{7DAE2BDF-1CAC-4FCA-9CE8-6542C77B7D01}.RelWithDebInfo|Win32.Build.0 = RelWithDebInfo|Win32
		{B934BED1-D176-477F-9694-E1EC0C712045}.Debug|Win32.ActiveCfg = Debug|Win32
		{B934BED1-D176-477F-9694-E1EC0C712045}.Debug|Win32.Build.0 = Debug|Win32
		{B934BED1-D176-477F-9694-E1EC0C712045}.Release|Win32.ActiveCfg = Release|Win32
		{B934BED1-D176-477F-9694-E1EC0C712045}.Release|Win32.Build.0 = Release|Win32
		{B934BED1-D176-477F-9694-E1EC0C712045}.MinSizeRel|Win32.ActiveCfg = MinSizeRel|Win32
		{B934BED1-D176-477F-9694-E1EC0C712045}.MinSizeRel|Win32.Build.0 = MinSizeRel|Win32
		{B934BED1-D176-477F-9694-E1EC0C712045}.RelWithDebInfo|Win32.ActiveCfg = RelWithDebInfo|Win32
		{B934BED1-D176-477F-9694-E1EC0C712045}.RelWithDebInfo|Win32.Build.0 = RelWithDebInfo|Win32
		{0F979170-2BC2-4E30-AB41-8E45383D15FF}.Debug|Win32.ActiveCfg = Debug|Win32
		{0F979170-2BC2-4E30-AB41-8E45383D15FF}.Debug|Win32.Build.0 = Debug|Win32
		{0F979170-2BC2-4E30-AB41-8E45383D15FF}.Release|Win32.ActiveCfg = Release|Win32
		{0F979170-2BC2-4E30-AB41-8E45383D15FF}.Release|Win32.Build.0 = Release|Win32
		{0F979170-2BC2-4E30-AB41-8E45383D15FF}.MinSizeRel|Win32.ActiveCfg = MinSizeRel|Win32
		{0F979170-2BC2-4E30-AB41-8E45383D15FF}.MinSizeRel|Win32.Build.0 = MinSizeRel|Win32
		{0F979170-2BC2-4E30-AB41-8E45383D15FF}.RelWithDebInfo|Win32.ActiveCfg = RelWithDebInfo|Win32
		{0F979170-2BC2-4E30-AB41-8E45383D15FF}.RelWithDebInfo|Win32.Build.0 = RelWithDebInfo|Win32
		{ABBCC2DD-9766-45CD-894D-74872EB10E0E}.Debug|Win32.ActiveCfg = Debug|Win32
		{ABBCC2DD-9766-45CD-894D-74872EB10E0E}.Debug|Win32.Build.0 = Debug|Win32
		{ABBCC2DD-9766-45CD-894D-74872EB10E0E}.Release|Win32.ActiveCfg = Release|Win32
		{ABBCC2DD-9766-45CD-894D-74872EB10E0E}.Release|Win32.Build.0 = Release|Win32
		{ABBCC2DD-9766-45CD-894D-74872EB10E0E}.MinSizeRel|Win32.ActiveCfg = MinSizeRel|Win32
		{ABBCC2DD-9766-45CD-894D-74872EB10E0E}.MinSizeRel|Win32.Build.0 = MinSizeRel|Win32
		{ABBCC2DD-9766-45CD-894D-74872EB10E0E}.RelWithDebInfo|Win32.ActiveCfg = RelWithDebInfo|Win32
		{ABBCC2DD-9766-45CD-894D-74872EB10E0E}.RelWithDebInfo|Win32.Build.0 = RelWithDebInfo|Win32
		{AEC7226A-3D6E-475E-BC19-25CC671F04C0}.Debug|Win32.ActiveCfg = Debug|Win32
		{AEC7226A-3D6E-475E-BC19-25CC671F04C0}.Debug|Win32.Build.0 = Debug|Win32
		{AEC7226A-3D6E-475E-BC19-25CC671F04C0}.Release|Win32.ActiveCfg = Release|Win32
		{AEC7226A-3D6E-475E-BC19-25CC671F04C0}.Release|Win32.Build.0 = Release|Win32
		{AEC7226A-3D6E-475E-BC19-25CC671F04C0}.MinSizeRel|Win32.ActiveCfg = MinSizeRel|Win32
		{AEC7226A-3D6E-475E-BC19-25CC671F04C0}.MinSizeRel|Win32.Build.0 = MinSizeRel|Win32
		{AEC7226A-3D6E-475E-BC19-25CC671F04C0}.RelWithDebInfo|Win32.ActiveCfg = RelWithDebInfo|Win32
		{AEC7226A-3D6E-475E-BC19-25CC671F04C0}.RelWithDebInfo|Win32.Build.0 = RelWithDebInfo|Win32
		{91F7B030-03C4-4A93-AE46-6FADC03B154F}.Debug|Win32.ActiveCfg = Debug|Win32
		{91F7B030-03C4-4A93-AE46-6FADC03B154F}.Debug|Win32.Build.0 = Debug|Win32
		{91F7B030-03C4-4A93-AE46-6FADC03B154F}.Release|Win32.ActiveCfg = Release|Win32
		{91F7B030-03C4-4A93-AE46-6FADC03B154F}.Release|Win32.Build.0 = Release|Win32
		{91F7B030-03C4-4A93-AE46-6FADC03B154F}.MinSizeRel|Win32.ActiveCfg = MinSizeRel|Win32
		{91F7B030-03C4-4A93-AE46-6FADC03B154F}.MinSizeRel|Win32.Build.0 = MinSizeRel|Win32
		{91F7B030-03C4-4A93-AE46-6FADC03B154F}.RelWithDebInfo|Win32.ActiveCfg = RelWithDebInfo|Win32
		{91F7B030-03C4-4A93-AE46-6FADC03B154F}.RelWithDebInfo|Win32.Build.0 = RelWithDebInfo|Win32
		{ED8CECBB-8DC5-48C0-A3AD-D939443E86B1}.Debug|Win32.ActiveCfg = Debug|Win32
		{ED8CECBB-8DC5-48C0-A3AD-D939443E86B1}.Debug|Win32.Build.0 = Debug|Win32
		{ED8CECBB-8DC5-48C0-A3AD-D939443E86B1}.Release|Win32.ActiveCfg = Release|Win32
		{ED8CECBB-8DC5-48C0-A3AD-D939443E86B1}.Release|Win32.Build.0 = Release|Win32
		{ED8CECBB-8DC5-48C0-A3AD-D939443E86B1}.MinSizeRel|Win32.ActiveCfg = MinSizeRel|Win32
		{ED8CECBB-8DC5-48C0-A3AD-D939443E86B1}.MinSizeRel|Win32.Build.0 = MinSizeRel|Win32
		{ED8CECBB-8DC5-48C0-A3AD-D939443E86B1}.RelWithDebInfo|Win32.ActiveCfg = RelWithDebInfo|Win32
		{ED8CECBB-8DC5-48C0-A3AD-D939443E86B1}.RelWithDebInfo|Win32.Build.0 = RelWithDebInfo|Win32
		{25876DFC-AE8F-44F4-A388-8BC60ABCDAA8}.Debug|Win32.ActiveCfg = Debug|Win32
		{25876DFC-AE8F-44F4-A388-8BC60ABCDAA8}.Debug|Win32.Build.0 = Debug|Win32
		{25876DFC-AE8F-44F4-A388-8BC60ABCDAA8}.Release|Win32.ActiveCfg = Release|Win32
		{25876DFC-AE8F-44F4-A388-8BC60ABCDAA8}.Release|Win32.Build.0 = Release|Win32
		{25876DFC-AE8F-44F4-A388-8BC60ABCDAA8}.MinSizeRel|Win32.ActiveCfg = MinSizeRel|Win32
		{25876DFC-AE8F-44F4-A388-8BC60ABCDAA8}.MinSizeRel|Win32.Build.0 = MinSizeRel|Win32
		{25876DFC-AE8F-44F4-A388-8BC60ABCDAA8}.RelWithDebInfo|Win32.ActiveCfg = RelWithDebInfo|Win32
		{25876DFC-AE8F-44F4-A388-8BC60ABCDAA8}.RelWithDebInfo|Win32.Build.0 = RelWithDebInfo|Win32
		{B4AF39BF-92D9-438E-8B46-9D50BC468479}.Debug|Win32.ActiveCfg = Debug|Win32
		{B4AF39BF-92D9-438E-8B46-9D50BC468479}.Debug|Win32.Build.0 = Debug|Win32
		{B4AF39BF-92D9-438E-8B46-9D50BC468479}.Release|Win32.ActiveCfg = Release|Win32
		{B4AF39BF-92D9-438E-8B46-9D50BC468479}.Release|Win32.Build.0 = Release|Win32
		{B4AF39BF-92D9-438E-8B46-9D50BC468479}.MinSizeRel|Win32.ActiveCfg = MinSizeRel|Win32
		{B4AF39BF-92D9-438E-8B46-9D50BC468479}.MinSizeRel|Win32.Build.0 = MinSizeRel|Win32
		{B4AF39BF-92D9-438E-8B46-9D50BC468479}.RelWithDebInfo|Win32.ActiveCfg = RelWithDebInfo|Win32
		{B4AF39BF-92D9-438E-8B46-9D50BC468479}.RelWithDebInfo|Win32.Build.0 = RelWithDebInfo|Win32
		{70082587-6D92-4F4A-8313-C4BE3C50E54C}.Debug|Win32.ActiveCfg = Debug|Win32
		{70082587-6D92-4F4A-8313-C4BE3C50E54C}.Debug|Win32.Build.0 = Debug|Win32
		{70082587-6D92-4F4A-8313-C4BE3C50E54C}.Release|Win32.ActiveCfg = Release|Win32
		{70082587-6D92-4F4A-8313-C4BE3C50E54C}.Release|Win32.Build.0 = Release|Win32
		{70082587-6D92-4F4A-8313-C4BE3C50E54C}.MinSizeRel|Win32.ActiveCfg = MinSizeRel|Win32
		{70082587-6D92-4F4A-8313-C4BE3C50E54C}.MinSizeRel|Win32.Build.0 = MinSizeRel|Win32
		{70082587-6D92-4F4A-8313-C4BE3C50E54C}.RelWithDebInfo|Win32.ActiveCfg = RelWithDebInfo|Win32
		{70082587-6D92-4F4A-8313-C4BE3C50E54C}.RelWithDebInfo|Win32.Build.0 = RelWithDebInfo|Win32
		{DF189543-394E-41A5-AD9D-67BA8EA3989E}.Debug|Win32.ActiveCfg = Debug|Win32
		{DF189543-394E-41A5-AD9D-67BA8EA3989E}.Debug|Win32.Build.0 = Debug|Win32
		{DF189543-394E-41A5-AD9D-67BA8EA3989E}.Release|Win32.ActiveCfg = Release|Win32
		{DF189543-394E-41A5-AD9D-67BA8EA3989E}.Release|Win32.Build.0 = Release|Win32
		{DF189543-394E-41A5-AD9D-67BA8EA3989E}.MinSizeRel|Win32.ActiveCfg = MinSizeRel|Win32
		{DF189543-394E-41A5-AD9D-67BA8EA3989E}.MinSizeRel|Win32.Build.0 = MinSizeRel|Win32
		{DF189543-394E-41A5-AD9D-67BA8EA3989E}.RelWithDebInfo|Win32.ActiveCfg = RelWithDebInfo|Win32
		{DF189543-394E-41A5-AD9D-67BA8EA3989E}.RelWithDebInfo|Win32.Build.0 = RelWithDebInfo|Win32
		{695B6224-703D-4079-9141-527DB04132B0}.Debug|Win32.ActiveCfg = Debug|Win32
		{695B6224-703D-4079-9141-527DB04132B0}.Debug|Win32.Build.0 = Debug|Win32
		{695B6224-703D-4079-9141-527DB04132B0}.Release|Win32.ActiveCfg = Release|Win32
		{695B6224-703D-4079-9141-527DB04132B0}.Release|Win32.Build.0 = Release|Win32
		{695B6224-703D-4079-9141-527DB04132B0}.MinSizeRel|Win32.ActiveCfg = MinSizeRel|Win32
		{695B6224-703D-4079-9141-527DB04132B0}.MinSizeRel|Win32.Build.0 = MinSizeRel|Win32
		{695B6224-703D-4079-9141-527DB04132B0}.RelWithDebInfo|Win32.ActiveCfg = RelWithDebInfo|Win32
		{695B6224-703D-4079-9141-527DB04132B0}.RelWithDebInfo|Win32.Build.0 = RelWithDebInfo|Win32
		{D0C4461C-5E6D-47C4-8538-AE4EEC2FA14F}.Debug|Win32.ActiveCfg = Debug|Win32
		{D0C4461C-5E6D-47C4-8538-AE4EEC2FA14F}.Debug|Win32.Build.0 = Debug|Win32
		{D0C4461C-5E6D-47C4-8538-AE4EEC2FA14F}.Release|Win32.ActiveCfg = Release|Win32
		{D0C4461C-5E6D-47C4-8538-AE4EEC2FA14F}.Release|Win32.Build.0 = Release|Win32
		{D0C4461C-5E6D-47C4-8538-AE4EEC2FA14F}.MinSizeRel|Win32.ActiveCfg = MinSizeRel|Win32
		{D0C4461C-5E6D-47C4-8538-AE4EEC2FA14F}.MinSizeRel|Win32.Build.0 = MinSizeRel|Win32
		{D0C4461C-5E6D-47C4-8538-AE4EEC2FA14F}.RelWithDebInfo|Win32.ActiveCfg = RelWithDebInfo|Win32
		{D0C4461C-5E6D-47C4-8538-AE4EEC2FA14F}.RelWithDebInfo|Win32.Build.0 = RelWithDebInfo|Win32
		{603F6CD6-4D2E-4B3A-8FCE-75A9EBA5969C}.Debug|Win32.ActiveCfg = Debug|Win32
		{603F6CD6-4D2E-4B3A-8FCE-75A9EBA5969C}.Debug|Win32.Build.0 = Debug|Win32
		{603F6CD6-4D2E-4B3A-8FCE-75A9EBA5969C}.Release|Win32.ActiveCfg = Release|Win32
		{603F6CD6-4D2E-4B3A-8FCE-75A9EBA5969C}.Release|Win32.Build.0 = Release|Win32
		{603F6CD6-4D2E-4B3A-8FCE-75A9EBA5969C}.MinSizeRel|Win32.ActiveCfg = MinSizeRel|Win32
		{603F6CD6-4D2E-4B3A-8FCE-75A9EBA5969C}.MinSizeRel|Win32.Build.0 = MinSizeRel|Win32
		{603F6CD6-4D2E-4B3A-8FCE-75A9EBA5969C}.RelWithDebInfo|Win32.ActiveCfg = RelWithDebInfo|Win32
		{603F6CD6-4D2E-4B3A-8FCE-75A9EBA5969C}.RelWithDebInfo|Win32.Build.0 = RelWithDebInfo|Win32
		{02BA0329-47C2-4A48-8516-0D893554B263}.Debug|Win32.ActiveCfg = Debug|Win32
		{02BA0329-47C2-4A48-8516-0D893554B263}.Debug|Win32.Build.0 = Debug|Win32
		{02BA0329-47C2-4A48-8516-0D893554B263}.Release|Win32.ActiveCfg = Release|Win32
		{02BA0329-47C2-4A48-8516-0D893554B263}.Release|Win32.Build.0 = Release|Win32
		{02BA0329-47C2-4A48-8516-0D893554B263}.MinSizeRel|Win32.ActiveCfg = MinSizeRel|Win32
		{02BA0329-47C2-4A48-8516-0D893554B263}.MinSizeRel|Win32.Build.0 = MinSizeRel|Win32
		{02BA0329-47C2-4A48-8516-0D893554B263}.RelWithDebInfo|Win32.ActiveCfg = RelWithDebInfo|Win32
		{02BA0329-47C2-4A48-8516-0D893554B263}.RelWithDebInfo|Win32.Build.0 = RelWithDebInfo|Win32
		{29E377B4-E484-45DF-9153-18D6CC7231F2}.Debug|Win32.ActiveCfg = Debug|Win32
		{29E377B4-E484-45DF-9153-18D6CC7231F2}.Debug|Win32.Build.0 = Debug|Win32
		{29E377B4-E484-45DF-9153-18D6CC7231F2}.Release|Win32.ActiveCfg = Release|Win32
		{29E377B4-E484-45DF-9153-18D6CC7231F2}.Release|Win32.Build.0 = Release|Win32
		{29E377B4-E484-45DF-9153-18D6CC7231F2}.MinSizeRel|Win32.ActiveCfg = MinSizeRel|Win32
		{29E377B4-E484-45DF-9153-18D6CC7231F2}.MinSizeRel|Win32.Build.0 = MinSizeRel|Win32
		{29E377B4-E484-45DF-9153-18D6CC7231F2}.RelWithDebInfo|Win32.ActiveCfg = RelWithDebInfo|Win32
		{29E377B4-E484-45DF-9153-18D6CC7231F2}.RelWithDebInfo|Win32.Build.0 = RelWithDebInfo|Win32
		{8544BDD2-326D-4CBE-808A-F65B8812E534}.Debug|Win32.ActiveCfg = Debug|Win32
		{8544BDD2-326D-4CBE-808A-F65B8812E534}.Debug|Win32.Build.0 = Debug|Win32
		{8544BDD2-326D-4CBE-808A-F65B8812E534}.Release|Win32.ActiveCfg = Release|Win32
		{8544BDD2-326D-4CBE-808A-F65B8812E534}.Release|Win32.Build.0 = Release|Win32
		{8544BDD2-326D-4CBE-808A-F65B8812E534}.MinSizeRel|Win32.ActiveCfg = MinSizeRel|Win32
		{8544BDD2-326D-4CBE-808A-F65B8812E534}.MinSizeRel|Win32.Build.0 = MinSizeRel|Win32
		{8544BDD2-326D-4CBE-808A-F65B8812E534}.RelWithDebInfo|Win32.ActiveCfg = RelWithDebInfo|Win32
		{8544BDD2-326D-4CBE-808A-F65B8812E534}.RelWithDebInfo|Win32.Build.0 = RelWithDebInfo|Win32
		{48735489-818C-40BC-9E1B-76843D8C0730}.Debug|Win32.ActiveCfg = Debug|Win32
		{48735489-818C-40BC-9E1B-76843D8C0730}.Debug|Win32.Build.0 = Debug|Win32
		{48735489-818C-40BC-9E1B-76843D8C0730}.Release|Win32.ActiveCfg = Release|Win32
		{48735489-818C-40BC-9E1B-76843D8C0730}.Release|Win32.Build.0 = Release|Win32
		{48735489-818C-40BC-9E1B-76843D8C0730}.MinSizeRel|Win32.ActiveCfg = MinSizeRel|Win32
		{48735489-818C-40BC-9E1B-76843D8C0730}.MinSizeRel|Win32.Build.0 = MinSizeRel|Win32
		{48735489-818C-40BC-9E1B-76843D8C0730}.RelWithDebInfo|Win32.ActiveCfg = RelWithDebInfo|Win32
		{48735489-818C-40BC-9E1B-76843D8C0730}.RelWithDebInfo|Win32.Build.0 = RelWithDebInfo|Win32
		{0E39BE2F-CD60-4379-8800-28D40BA754D9}.Debug|Win32.ActiveCfg = Debug|Win32
		{0E39BE2F-CD60-4379-8800-28D40BA754D9}.Debug|Win32.Build.0 = Debug|Win32
		{0E39BE2F-CD60-4379-8800-28D40BA754D9}.Release|Win32.ActiveCfg = Release|Win32
		{0E39BE2F-CD60-4379-8800-28D40BA754D9}.Release|Win32.Build.0 = Release|Win32
		{0E39BE2F-CD60-4379-8800-28D40BA754D9}.MinSizeRel|Win32.ActiveCfg = MinSizeRel|Win32
		{0E39BE2F-CD60-4379-8800-28D40BA754D9}.MinSizeRel|Win32.Build.0 = MinSizeRel|Win32
		{0E39BE2F-CD60-4379-8800-28D40BA754D9}.RelWithDebInfo|Win32.ActiveCfg = RelWithDebInfo|Win32
		{0E39BE2F-CD60-4379-8800-28D40BA754D9}.RelWithDebInfo|Win32.Build.0 = RelWithDebInfo|Win32
		{CB29272D-E2DF-4B35-A83B-711E839CEC8D}.Debug|Win32.ActiveCfg = Debug|Win32
		{CB29272D-E2DF-4B35-A83B-711E839CEC8D}.Debug|Win32.Build.0 = Debug|Win32
		{CB29272D-E2DF-4B35-A83B-711E839CEC8D}.Release|Win32.ActiveCfg = Release|Win32
		{CB29272D-E2DF-4B35-A83B-711E839CEC8D}.Release|Win32.Build.0 = Release|Win32
		{CB29272D-E2DF-4B35-A83B-711E839CEC8D}.MinSizeRel|Win32.ActiveCfg = MinSizeRel|Win32
		{CB29272D-E2DF-4B35-A83B-711E839CEC8D}.MinSizeRel|Win32.Build.0 = MinSizeRel|Win32
		{CB29272D-E2DF-4B35-A83B-711E839CEC8D}.RelWithDebInfo|Win32.ActiveCfg = RelWithDebInfo|Win32
		{CB29272D-E2DF-4B35-A83B-711E839CEC8D}.RelWithDebInfo|Win32.Build.0 = RelWithDebInfo|Win32
		{C03F74E2-8458-4EAE-9E6B-A82C648C04C8}.Debug|Win32.ActiveCfg = Debug|Win32
		{C03F74E2-8458-4EAE-9E6B-A82C648C04C8}.Debug|Win32.Build.0 = Debug|Win32
		{C03F74E2-8458-4EAE-9E6B-A82C648C04C8}.Release|Win32.ActiveCfg = Release|Win32
		{C03F74E2-8458-4EAE-9E6B-A82C648C04C8}.Release|Win32.Build.0 = Release|Win32
		{C03F74E2-8458-4EAE-9E6B-A82C648C04C8}.MinSizeRel|Win32.ActiveCfg = MinSizeRel|Win32
		{C03F74E2-8458-4EAE-9E6B-A82C648C04C8}.MinSizeRel|Win32.Build.0 = MinSizeRel|Win32
		{C03F74E2-8458-4EAE-9E6B-A82C648C04C8}.RelWithDebInfo|Win32.ActiveCfg = RelWithDebInfo|Win32
		{C03F74E2-8458-4EAE-9E6B-A82C648C04C8}.RelWithDebInfo|Win32.Build.0 = RelWithDebInfo|Win32
		{9B8B98AF-2921-430D-8165-115BE5800AD3}.Debug|Win32.ActiveCfg = Debug|Win32
		{9B8B98AF-2921-430D-8165-115BE5800AD3}.Release|Win32.ActiveCfg = Release|Win32
		{9B8B98AF-2921-430D-8165-115BE5800AD3}.MinSizeRel|Win32.ActiveCfg = MinSizeRel|Win32
		{9B8B98AF-2921-430D-8165-115BE5800AD3}.RelWithDebInfo|Win32.ActiveCfg = RelWithDebInfo|Win32
		{C5C9C86D-A904-4A7F-832D-F2C904D57EB5}.Debug|Win32.ActiveCfg = Debug|Win32
		{C5C9C86D-A904-4A7F-832D-F2C904D57EB5}.Debug|Win32.Build.0 = Debug|Win32
		{C5C9C86D-A904-4A7F-832D-F2C904D57EB5}.Release|Win32.ActiveCfg = Release|Win32
		{C5C9C86D-A904-4A7F-832D-F2C904D57EB5}.Release|Win32.Build.0 = Release|Win32
		{C5C9C86D-A904-4A7F-832D-F2C904D57EB5}.MinSizeRel|Win32.ActiveCfg = MinSizeRel|Win32
		{C5C9C86D-A904-4A7F-832D-F2C904D57EB5}.MinSizeRel|Win32.Build.0 = MinSizeRel|Win32
		{C5C9C86D-A904-4A7F-832D-F2C904D57EB5}.RelWithDebInfo|Win32.ActiveCfg = RelWithDebInfo|Win32
		{C5C9C86D-A904-4A7F-832D-F2C904D57EB5}.RelWithDebInfo|Win32.Build.0 = RelWithDebInfo|Win32
		{B56545C7-2C96-419C-BFF4-2E4EFCACE4EB}.Debug|Win32.ActiveCfg = Debug|Win32
		{B56545C7-2C96-419C-BFF4-2E4EFCACE4EB}.Debug|Win32.Build.0 = Debug|Win32
		{B56545C7-2C96-419C-BFF4-2E4EFCACE4EB}.Release|Win32.ActiveCfg = Release|Win32
		{B56545C7-2C96-419C-BFF4-2E4EFCACE4EB}.Release|Win32.Build.0 = Release|Win32
		{B56545C7-2C96-419C-BFF4-2E4EFCACE4EB}.MinSizeRel|Win32.ActiveCfg = MinSizeRel|Win32
		{B56545C7-2C96-419C-BFF4-2E4EFCACE4EB}.MinSizeRel|Win32.Build.0 = MinSizeRel|Win32
		{B56545C7-2C96-419C-BFF4-2E4EFCACE4EB}.RelWithDebInfo|Win32.ActiveCfg = RelWithDebInfo|Win32
		{B56545C7-2C96-419C-BFF4-2E4EFCACE4EB}.RelWithDebInfo|Win32.Build.0 = RelWithDebInfo|Win32
	EndGlobalSection
	GlobalSection(ExtensibilityGlobals) = postSolution
	EndGlobalSection
	GlobalSection(ExtensibilityAddIns) = postSolution
	EndGlobalSection
EndGlobal
